
Microsoft Visual Studio Solution File, Format Version 12.00
# Visual Studio Version 17
VisualStudioVersion = 17.0.32014.148
MinimumVisualStudioVersion = 10.0.40219.1
Project("{FAE04EC0-301F-11D3-BF4B-00C04F79EFBC}") = "InterfacesTraining", "InterfacesTraining\InterfacesTraining.csproj", "{1B2858ED-099B-44FE-A672-86CBA4615CC0}"
EndProject
Global
	GlobalSection(SolutionConfigurationPlatforms) = preSolution
		Debug|Any CPU = Debug|Any CPU
		Release|Any CPU = Release|Any CPU
	EndGlobalSection
	GlobalSection(ProjectConfigurationPlatforms) = postSolution
		{1B2858ED-099B-44FE-A672-86CBA4615CC0}.Debug|Any CPU.ActiveCfg = Debug|Any CPU
		{1B2858ED-099B-44FE-A672-86CBA4615CC0}.Debug|Any CPU.Build.0 = Debug|Any CPU
		{1B2858ED-099B-44FE-A672-86CBA4615CC0}.Release|Any CPU.ActiveCfg = Release|Any CPU
		{1B2858ED-099B-44FE-A672-86CBA4615CC0}.Release|Any CPU.Build.0 = Release|Any CPU
	EndGlobalSection
	GlobalSection(SolutionProperties) = preSolution
		HideSolutionNode = FALSE
	EndGlobalSection
	GlobalSection(ExtensibilityGlobals) = postSolution
		SolutionGuid = {BE41A07B-9485-4570-95E7-488E54EC2CF4}
	EndGlobalSection
EndGlobal
